
Microsoft Visual Studio Solution File, Format Version 12.00
# Visual Studio 15
VisualStudioVersion = 15.0.27004.2008
MinimumVisualStudioVersion = 10.0.40219.1
Project("{D954291E-2A0B-460D-934E-DC6B0785DB48}") = "Projeto08", "Projeto08\Projeto08\Projeto08.shproj", "{9F12FB98-AF97-4F1E-BD62-6E0E8273E635}"
EndProject
Project("{FAE04EC0-301F-11D3-BF4B-00C04F79EFBC}") = "Projeto08.Android", "Projeto08\Projeto08.Android\Projeto08.Android.csproj", "{D1E59D08-99D7-47A1-B02F-75CB43C5FFAC}"
EndProject
Project("{FAE04EC0-301F-11D3-BF4B-00C04F79EFBC}") = "Projeto08.iOS", "Projeto08\Projeto08.iOS\Projeto08.iOS.csproj", "{7A9A1905-EE7D-4433-8872-662C35F901B6}"
EndProject
Project("{FAE04EC0-301F-11D3-BF4B-00C04F79EFBC}") = "Projeto08.UWP", "Projeto08\Projeto08.UWP\Projeto08.UWP.csproj", "{4CD70322-6344-43EB-A70A-886A0F8BCF51}"
EndProject
Global
	GlobalSection(SharedMSBuildProjectFiles) = preSolution
		Projeto08\Projeto08\Projeto08.projitems*{7a9a1905-ee7d-4433-8872-662c35f901b6}*SharedItemsImports = 4
		Projeto08\Projeto08\Projeto08.projitems*{9f12fb98-af97-4f1e-bd62-6e0e8273e635}*SharedItemsImports = 13
		Projeto08\Projeto08\Projeto08.projitems*{d1e59d08-99d7-47a1-b02f-75cb43c5ffac}*SharedItemsImports = 4
	EndGlobalSection
	GlobalSection(SolutionConfigurationPlatforms) = preSolution
		Ad-Hoc|Any CPU = Ad-Hoc|Any CPU
		Ad-Hoc|ARM = Ad-Hoc|ARM
		Ad-Hoc|iPhone = Ad-Hoc|iPhone
		Ad-Hoc|iPhoneSimulator = Ad-Hoc|iPhoneSimulator
		Ad-Hoc|x64 = Ad-Hoc|x64
		Ad-Hoc|x86 = Ad-Hoc|x86
		AppStore|Any CPU = AppStore|Any CPU
		AppStore|ARM = AppStore|ARM
		AppStore|iPhone = AppStore|iPhone
		AppStore|iPhoneSimulator = AppStore|iPhoneSimulator
		AppStore|x64 = AppStore|x64
		AppStore|x86 = AppStore|x86
		Debug|Any CPU = Debug|Any CPU
		Debug|ARM = Debug|ARM
		Debug|iPhone = Debug|iPhone
		Debug|iPhoneSimulator = Debug|iPhoneSimulator
		Debug|x64 = Debug|x64
		Debug|x86 = Debug|x86
		Release|Any CPU = Release|Any CPU
		Release|ARM = Release|ARM
		Release|iPhone = Release|iPhone
		Release|iPhoneSimulator = Release|iPhoneSimulator
		Release|x64 = Release|x64
		Release|x86 = Release|x86
	EndGlobalSection
	GlobalSection(ProjectConfigurationPlatforms) = postSolution
		{D1E59D08-99D7-47A1-B02F-75CB43C5FFAC}.Ad-Hoc|Any CPU.ActiveCfg = Release|Any CPU
		{D1E59D08-99D7-47A1-B02F-75CB43C5FFAC}.Ad-Hoc|Any CPU.Build.0 = Release|Any CPU
		{D1E59D08-99D7-47A1-B02F-75CB43C5FFAC}.Ad-Hoc|Any CPU.Deploy.0 = Release|Any CPU
		{D1E59D08-99D7-47A1-B02F-75CB43C5FFAC}.Ad-Hoc|ARM.ActiveCfg = Release|Any CPU
		{D1E59D08-99D7-47A1-B02F-75CB43C5FFAC}.Ad-Hoc|ARM.Build.0 = Release|Any CPU
		{D1E59D08-99D7-47A1-B02F-75CB43C5FFAC}.Ad-Hoc|ARM.Deploy.0 = Release|Any CPU
		{D1E59D08-99D7-47A1-B02F-75CB43C5FFAC}.Ad-Hoc|iPhone.ActiveCfg = Release|Any CPU
		{D1E59D08-99D7-47A1-B02F-75CB43C5FFAC}.Ad-Hoc|iPhone.Build.0 = Release|Any CPU
		{D1E59D08-99D7-47A1-B02F-75CB43C5FFAC}.Ad-Hoc|iPhone.Deploy.0 = Release|Any CPU
		{D1E59D08-99D7-47A1-B02F-75CB43C5FFAC}.Ad-Hoc|iPhoneSimulator.ActiveCfg = Release|Any CPU
		{D1E59D08-99D7-47A1-B02F-75CB43C5FFAC}.Ad-Hoc|iPhoneSimulator.Build.0 = Release|Any CPU
		{D1E59D08-99D7-47A1-B02F-75CB43C5FFAC}.Ad-Hoc|iPhoneSimulator.Deploy.0 = Release|Any CPU
		{D1E59D08-99D7-47A1-B02F-75CB43C5FFAC}.Ad-Hoc|x64.ActiveCfg = Release|Any CPU
		{D1E59D08-99D7-47A1-B02F-75CB43C5FFAC}.Ad-Hoc|x64.Build.0 = Release|Any CPU
		{D1E59D08-99D7-47A1-B02F-75CB43C5FFAC}.Ad-Hoc|x64.Deploy.0 = Release|Any CPU
		{D1E59D08-99D7-47A1-B02F-75CB43C5FFAC}.Ad-Hoc|x86.ActiveCfg = Release|Any CPU
		{D1E59D08-99D7-47A1-B02F-75CB43C5FFAC}.Ad-Hoc|x86.Build.0 = Release|Any CPU
		{D1E59D08-99D7-47A1-B02F-75CB43C5FFAC}.Ad-Hoc|x86.Deploy.0 = Release|Any CPU
		{D1E59D08-99D7-47A1-B02F-75CB43C5FFAC}.AppStore|Any CPU.ActiveCfg = Release|Any CPU
		{D1E59D08-99D7-47A1-B02F-75CB43C5FFAC}.AppStore|Any CPU.Build.0 = Release|Any CPU
		{D1E59D08-99D7-47A1-B02F-75CB43C5FFAC}.AppStore|Any CPU.Deploy.0 = Release|Any CPU
		{D1E59D08-99D7-47A1-B02F-75CB43C5FFAC}.AppStore|ARM.ActiveCfg = Release|Any CPU
		{D1E59D08-99D7-47A1-B02F-75CB43C5FFAC}.AppStore|ARM.Build.0 = Release|Any CPU
		{D1E59D08-99D7-47A1-B02F-75CB43C5FFAC}.AppStore|ARM.Deploy.0 = Release|Any CPU
		{D1E59D08-99D7-47A1-B02F-75CB43C5FFAC}.AppStore|iPhone.ActiveCfg = Release|Any CPU
		{D1E59D08-99D7-47A1-B02F-75CB43C5FFAC}.AppStore|iPhone.Build.0 = Release|Any CPU
		{D1E59D08-99D7-47A1-B02F-75CB43C5FFAC}.AppStore|iPhone.Deploy.0 = Release|Any CPU
		{D1E59D08-99D7-47A1-B02F-75CB43C5FFAC}.AppStore|iPhoneSimulator.ActiveCfg = Release|Any CPU
		{D1E59D08-99D7-47A1-B02F-75CB43C5FFAC}.AppStore|iPhoneSimulator.Build.0 = Release|Any CPU
		{D1E59D08-99D7-47A1-B02F-75CB43C5FFAC}.AppStore|iPhoneSimulator.Deploy.0 = Release|Any CPU
		{D1E59D08-99D7-47A1-B02F-75CB43C5FFAC}.AppStore|x64.ActiveCfg = Release|Any CPU
		{D1E59D08-99D7-47A1-B02F-75CB43C5FFAC}.AppStore|x64.Build.0 = Release|Any CPU
		{D1E59D08-99D7-47A1-B02F-75CB43C5FFAC}.AppStore|x64.Deploy.0 = Release|Any CPU
		{D1E59D08-99D7-47A1-B02F-75CB43C5FFAC}.AppStore|x86.ActiveCfg = Release|Any CPU
		{D1E59D08-99D7-47A1-B02F-75CB43C5FFAC}.AppStore|x86.Build.0 = Release|Any CPU
		{D1E59D08-99D7-47A1-B02F-75CB43C5FFAC}.AppStore|x86.Deploy.0 = Release|Any CPU
		{D1E59D08-99D7-47A1-B02F-75CB43C5FFAC}.Debug|Any CPU.ActiveCfg = Debug|Any CPU
		{D1E59D08-99D7-47A1-B02F-75CB43C5FFAC}.Debug|Any CPU.Build.0 = Debug|Any CPU
		{D1E59D08-99D7-47A1-B02F-75CB43C5FFAC}.Debug|Any CPU.Deploy.0 = Debug|Any CPU
		{D1E59D08-99D7-47A1-B02F-75CB43C5FFAC}.Debug|ARM.ActiveCfg = Debug|Any CPU
		{D1E59D08-99D7-47A1-B02F-75CB43C5FFAC}.Debug|ARM.Build.0 = Debug|Any CPU
		{D1E59D08-99D7-47A1-B02F-75CB43C5FFAC}.Debug|ARM.Deploy.0 = Debug|Any CPU
		{D1E59D08-99D7-47A1-B02F-75CB43C5FFAC}.Debug|iPhone.ActiveCfg = Debug|Any CPU
		{D1E59D08-99D7-47A1-B02F-75CB43C5FFAC}.Debug|iPhone.Build.0 = Debug|Any CPU
		{D1E59D08-99D7-47A1-B02F-75CB43C5FFAC}.Debug|iPhone.Deploy.0 = Debug|Any CPU
		{D1E59D08-99D7-47A1-B02F-75CB43C5FFAC}.Debug|iPhoneSimulator.ActiveCfg = Debug|Any CPU
		{D1E59D08-99D7-47A1-B02F-75CB43C5FFAC}.Debug|iPhoneSimulator.Build.0 = Debug|Any CPU
		{D1E59D08-99D7-47A1-B02F-75CB43C5FFAC}.Debug|iPhoneSimulator.Deploy.0 = Debug|Any CPU
		{D1E59D08-99D7-47A1-B02F-75CB43C5FFAC}.Debug|x64.ActiveCfg = Debug|Any CPU
		{D1E59D08-99D7-47A1-B02F-75CB43C5FFAC}.Debug|x64.Build.0 = Debug|Any CPU
		{D1E59D08-99D7-47A1-B02F-75CB43C5FFAC}.Debug|x64.Deploy.0 = Debug|Any CPU
		{D1E59D08-99D7-47A1-B02F-75CB43C5FFAC}.Debug|x86.ActiveCfg = Debug|Any CPU
		{D1E59D08-99D7-47A1-B02F-75CB43C5FFAC}.Debug|x86.Build.0 = Debug|Any CPU
		{D1E59D08-99D7-47A1-B02F-75CB43C5FFAC}.Debug|x86.Deploy.0 = Debug|Any CPU
		{D1E59D08-99D7-47A1-B02F-75CB43C5FFAC}.Release|Any CPU.ActiveCfg = Release|Any CPU
		{D1E59D08-99D7-47A1-B02F-75CB43C5FFAC}.Release|Any CPU.Build.0 = Release|Any CPU
		{D1E59D08-99D7-47A1-B02F-75CB43C5FFAC}.Release|Any CPU.Deploy.0 = Release|Any CPU
		{D1E59D08-99D7-47A1-B02F-75CB43C5FFAC}.Release|ARM.ActiveCfg = Release|Any CPU
		{D1E59D08-99D7-47A1-B02F-75CB43C5FFAC}.Release|ARM.Build.0 = Release|Any CPU
		{D1E59D08-99D7-47A1-B02F-75CB43C5FFAC}.Release|ARM.Deploy.0 = Release|Any CPU
		{D1E59D08-99D7-47A1-B02F-75CB43C5FFAC}.Release|iPhone.ActiveCfg = Release|Any CPU
		{D1E59D08-99D7-47A1-B02F-75CB43C5FFAC}.Release|iPhone.Build.0 = Release|Any CPU
		{D1E59D08-99D7-47A1-B02F-75CB43C5FFAC}.Release|iPhone.Deploy.0 = Release|Any CPU
		{D1E59D08-99D7-47A1-B02F-75CB43C5FFAC}.Release|iPhoneSimulator.ActiveCfg = Release|Any CPU
		{D1E59D08-99D7-47A1-B02F-75CB43C5FFAC}.Release|iPhoneSimulator.Build.0 = Release|Any CPU
		{D1E59D08-99D7-47A1-B02F-75CB43C5FFAC}.Release|iPhoneSimulator.Deploy.0 = Release|Any CPU
		{D1E59D08-99D7-47A1-B02F-75CB43C5FFAC}.Release|x64.ActiveCfg = Release|Any CPU
		{D1E59D08-99D7-47A1-B02F-75CB43C5FFAC}.Release|x64.Build.0 = Release|Any CPU
		{D1E59D08-99D7-47A1-B02F-75CB43C5FFAC}.Release|x64.Deploy.0 = Release|Any CPU
		{D1E59D08-99D7-47A1-B02F-75CB43C5FFAC}.Release|x86.ActiveCfg = Release|Any CPU
		{D1E59D08-99D7-47A1-B02F-75CB43C5FFAC}.Release|x86.Build.0 = Release|Any CPU
		{D1E59D08-99D7-47A1-B02F-75CB43C5FFAC}.Release|x86.Deploy.0 = Release|Any CPU
		{7A9A1905-EE7D-4433-8872-662C35F901B6}.Ad-Hoc|Any CPU.ActiveCfg = Ad-Hoc|iPhoneSimulator
		{7A9A1905-EE7D-4433-8872-662C35F901B6}.Ad-Hoc|ARM.ActiveCfg = Ad-Hoc|iPhone
		{7A9A1905-EE7D-4433-8872-662C35F901B6}.Ad-Hoc|iPhone.ActiveCfg = Ad-Hoc|iPhone
		{7A9A1905-EE7D-4433-8872-662C35F901B6}.Ad-Hoc|iPhone.Build.0 = Ad-Hoc|iPhone
		{7A9A1905-EE7D-4433-8872-662C35F901B6}.Ad-Hoc|iPhoneSimulator.ActiveCfg = Ad-Hoc|iPhoneSimulator
		{7A9A1905-EE7D-4433-8872-662C35F901B6}.Ad-Hoc|iPhoneSimulator.Build.0 = Ad-Hoc|iPhoneSimulator
		{7A9A1905-EE7D-4433-8872-662C35F901B6}.Ad-Hoc|x64.ActiveCfg = Ad-Hoc|iPhone
		{7A9A1905-EE7D-4433-8872-662C35F901B6}.Ad-Hoc|x86.ActiveCfg = Ad-Hoc|iPhone
		{7A9A1905-EE7D-4433-8872-662C35F901B6}.AppStore|Any CPU.ActiveCfg = AppStore|iPhoneSimulator
		{7A9A1905-EE7D-4433-8872-662C35F901B6}.AppStore|ARM.ActiveCfg = AppStore|iPhone
		{7A9A1905-EE7D-4433-8872-662C35F901B6}.AppStore|iPhone.ActiveCfg = AppStore|iPhone
		{7A9A1905-EE7D-4433-8872-662C35F901B6}.AppStore|iPhone.Build.0 = AppStore|iPhone
		{7A9A1905-EE7D-4433-8872-662C35F901B6}.AppStore|iPhoneSimulator.ActiveCfg = AppStore|iPhoneSimulator
		{7A9A1905-EE7D-4433-8872-662C35F901B6}.AppStore|iPhoneSimulator.Build.0 = AppStore|iPhoneSimulator
		{7A9A1905-EE7D-4433-8872-662C35F901B6}.AppStore|x64.ActiveCfg = AppStore|iPhone
		{7A9A1905-EE7D-4433-8872-662C35F901B6}.AppStore|x86.ActiveCfg = AppStore|iPhone
		{7A9A1905-EE7D-4433-8872-662C35F901B6}.Debug|Any CPU.ActiveCfg = Debug|iPhoneSimulator
		{7A9A1905-EE7D-4433-8872-662C35F901B6}.Debug|ARM.ActiveCfg = Debug|iPhone
		{7A9A1905-EE7D-4433-8872-662C35F901B6}.Debug|iPhone.ActiveCfg = Debug|iPhone
		{7A9A1905-EE7D-4433-8872-662C35F901B6}.Debug|iPhone.Build.0 = Debug|iPhone
		{7A9A1905-EE7D-4433-8872-662C35F901B6}.Debug|iPhoneSimulator.ActiveCfg = Debug|iPhoneSimulator
		{7A9A1905-EE7D-4433-8872-662C35F901B6}.Debug|iPhoneSimulator.Build.0 = Debug|iPhoneSimulator
		{7A9A1905-EE7D-4433-8872-662C35F901B6}.Debug|x64.ActiveCfg = Debug|iPhone
		{7A9A1905-EE7D-4433-8872-662C35F901B6}.Debug|x86.ActiveCfg = Debug|iPhone
		{7A9A1905-EE7D-4433-8872-662C35F901B6}.Release|Any CPU.ActiveCfg = Release|iPhoneSimulator
		{7A9A1905-EE7D-4433-8872-662C35F901B6}.Release|ARM.ActiveCfg = Release|iPhone
		{7A9A1905-EE7D-4433-8872-662C35F901B6}.Release|iPhone.ActiveCfg = Release|iPhone
		{7A9A1905-EE7D-4433-8872-662C35F901B6}.Release|iPhone.Build.0 = Release|iPhone
		{7A9A1905-EE7D-4433-8872-662C35F901B6}.Release|iPhoneSimulator.ActiveCfg = Release|iPhoneSimulator
		{7A9A1905-EE7D-4433-8872-662C35F901B6}.Release|iPhoneSimulator.Build.0 = Release|iPhoneSimulator
		{7A9A1905-EE7D-4433-8872-662C35F901B6}.Release|x64.ActiveCfg = Release|iPhone
		{7A9A1905-EE7D-4433-8872-662C35F901B6}.Release|x86.ActiveCfg = Release|iPhone
		{4CD70322-6344-43EB-A70A-886A0F8BCF51}.Ad-Hoc|Any CPU.ActiveCfg = Release|x86
		{4CD70322-6344-43EB-A70A-886A0F8BCF51}.Ad-Hoc|Any CPU.Build.0 = Release|x86
		{4CD70322-6344-43EB-A70A-886A0F8BCF51}.Ad-Hoc|Any CPU.Deploy.0 = Release|x86
		{4CD70322-6344-43EB-A70A-886A0F8BCF51}.Ad-Hoc|ARM.ActiveCfg = Release|ARM
		{4CD70322-6344-43EB-A70A-886A0F8BCF51}.Ad-Hoc|ARM.Build.0 = Release|ARM
		{4CD70322-6344-43EB-A70A-886A0F8BCF51}.Ad-Hoc|ARM.Deploy.0 = Release|ARM
		{4CD70322-6344-43EB-A70A-886A0F8BCF51}.Ad-Hoc|iPhone.ActiveCfg = Release|x86
		{4CD70322-6344-43EB-A70A-886A0F8BCF51}.Ad-Hoc|iPhone.Build.0 = Release|x86
		{4CD70322-6344-43EB-A70A-886A0F8BCF51}.Ad-Hoc|iPhone.Deploy.0 = Release|x86
		{4CD70322-6344-43EB-A70A-886A0F8BCF51}.Ad-Hoc|iPhoneSimulator.ActiveCfg = Release|x86
		{4CD70322-6344-43EB-A70A-886A0F8BCF51}.Ad-Hoc|iPhoneSimulator.Build.0 = Release|x86
		{4CD70322-6344-43EB-A70A-886A0F8BCF51}.Ad-Hoc|iPhoneSimulator.Deploy.0 = Release|x86
		{4CD70322-6344-43EB-A70A-886A0F8BCF51}.Ad-Hoc|x64.ActiveCfg = Release|x64
		{4CD70322-6344-43EB-A70A-886A0F8BCF51}.Ad-Hoc|x64.Build.0 = Release|x64
		{4CD70322-6344-43EB-A70A-886A0F8BCF51}.Ad-Hoc|x64.Deploy.0 = Release|x64
		{4CD70322-6344-43EB-A70A-886A0F8BCF51}.Ad-Hoc|x86.ActiveCfg = Release|x86
		{4CD70322-6344-43EB-A70A-886A0F8BCF51}.Ad-Hoc|x86.Build.0 = Release|x86
		{4CD70322-6344-43EB-A70A-886A0F8BCF51}.Ad-Hoc|x86.Deploy.0 = Release|x86
		{4CD70322-6344-43EB-A70A-886A0F8BCF51}.AppStore|Any CPU.ActiveCfg = Release|x86
		{4CD70322-6344-43EB-A70A-886A0F8BCF51}.AppStore|Any CPU.Build.0 = Release|x86
		{4CD70322-6344-43EB-A70A-886A0F8BCF51}.AppStore|Any CPU.Deploy.0 = Release|x86
		{4CD70322-6344-43EB-A70A-886A0F8BCF51}.AppStore|ARM.ActiveCfg = Release|ARM
		{4CD70322-6344-43EB-A70A-886A0F8BCF51}.AppStore|ARM.Build.0 = Release|ARM
		{4CD70322-6344-43EB-A70A-886A0F8BCF51}.AppStore|ARM.Deploy.0 = Release|ARM
		{4CD70322-6344-43EB-A70A-886A0F8BCF51}.AppStore|iPhone.ActiveCfg = Release|x86
		{4CD70322-6344-43EB-A70A-886A0F8BCF51}.AppStore|iPhone.Build.0 = Release|x86
		{4CD70322-6344-43EB-A70A-886A0F8BCF51}.AppStore|iPhone.Deploy.0 = Release|x86
		{4CD70322-6344-43EB-A70A-886A0F8BCF51}.AppStore|iPhoneSimulator.ActiveCfg = Release|x86
		{4CD70322-6344-43EB-A70A-886A0F8BCF51}.AppStore|iPhoneSimulator.Build.0 = Release|x86
		{4CD70322-6344-43EB-A70A-886A0F8BCF51}.AppStore|iPhoneSimulator.Deploy.0 = Release|x86
		{4CD70322-6344-43EB-A70A-886A0F8BCF51}.AppStore|x64.ActiveCfg = Release|x64
		{4CD70322-6344-43EB-A70A-886A0F8BCF51}.AppStore|x64.Build.0 = Release|x64
		{4CD70322-6344-43EB-A70A-886A0F8BCF51}.AppStore|x64.Deploy.0 = Release|x64
		{4CD70322-6344-43EB-A70A-886A0F8BCF51}.AppStore|x86.ActiveCfg = Release|x86
		{4CD70322-6344-43EB-A70A-886A0F8BCF51}.AppStore|x86.Build.0 = Release|x86
		{4CD70322-6344-43EB-A70A-886A0F8BCF51}.AppStore|x86.Deploy.0 = Release|x86
		{4CD70322-6344-43EB-A70A-886A0F8BCF51}.Debug|Any CPU.ActiveCfg = Debug|x86
		{4CD70322-6344-43EB-A70A-886A0F8BCF51}.Debug|ARM.ActiveCfg = Debug|ARM
		{4CD70322-6344-43EB-A70A-886A0F8BCF51}.Debug|ARM.Build.0 = Debug|ARM
		{4CD70322-6344-43EB-A70A-886A0F8BCF51}.Debug|ARM.Deploy.0 = Debug|ARM
		{4CD70322-6344-43EB-A70A-886A0F8BCF51}.Debug|iPhone.ActiveCfg = Debug|x86
		{4CD70322-6344-43EB-A70A-886A0F8BCF51}.Debug|iPhoneSimulator.ActiveCfg = Debug|x86
		{4CD70322-6344-43EB-A70A-886A0F8BCF51}.Debug|x64.ActiveCfg = Debug|x64
		{4CD70322-6344-43EB-A70A-886A0F8BCF51}.Debug|x64.Build.0 = Debug|x64
		{4CD70322-6344-43EB-A70A-886A0F8BCF51}.Debug|x64.Deploy.0 = Debug|x64
		{4CD70322-6344-43EB-A70A-886A0F8BCF51}.Debug|x86.ActiveCfg = Debug|x86
		{4CD70322-6344-43EB-A70A-886A0F8BCF51}.Debug|x86.Build.0 = Debug|x86
		{4CD70322-6344-43EB-A70A-886A0F8BCF51}.Debug|x86.Deploy.0 = Debug|x86
		{4CD70322-6344-43EB-A70A-886A0F8BCF51}.Release|Any CPU.ActiveCfg = Release|x86
		{4CD70322-6344-43EB-A70A-886A0F8BCF51}.Release|ARM.ActiveCfg = Release|ARM
		{4CD70322-6344-43EB-A70A-886A0F8BCF51}.Release|ARM.Build.0 = Release|ARM
		{4CD70322-6344-43EB-A70A-886A0F8BCF51}.Release|ARM.Deploy.0 = Release|ARM
		{4CD70322-6344-43EB-A70A-886A0F8BCF51}.Release|iPhone.ActiveCfg = Release|x86
		{4CD70322-6344-43EB-A70A-886A0F8BCF51}.Release|iPhoneSimulator.ActiveCfg = Release|x86
		{4CD70322-6344-43EB-A70A-886A0F8BCF51}.Release|x64.ActiveCfg = Release|x64
		{4CD70322-6344-43EB-A70A-886A0F8BCF51}.Release|x64.Build.0 = Release|x64
		{4CD70322-6344-43EB-A70A-886A0F8BCF51}.Release|x64.Deploy.0 = Release|x64
		{4CD70322-6344-43EB-A70A-886A0F8BCF51}.Release|x86.ActiveCfg = Release|x86
		{4CD70322-6344-43EB-A70A-886A0F8BCF51}.Release|x86.Build.0 = Release|x86
		{4CD70322-6344-43EB-A70A-886A0F8BCF51}.Release|x86.Deploy.0 = Release|x86
	EndGlobalSection
	GlobalSection(SolutionProperties) = preSolution
		HideSolutionNode = FALSE
	EndGlobalSection
	GlobalSection(ExtensibilityGlobals) = postSolution
		SolutionGuid = {62C45E8F-6050-45AE-AD3C-CE51BE6B1068}
	EndGlobalSection
EndGlobal
